
Microsoft Visual Studio Solution File, Format Version 12.00
# Visual Studio 15
Project("{FAE04EC0-301F-11D3-BF4B-00C04F79EFBC}") = "Assembly-CSharp", "Assembly-CSharp.csproj", "{F437EC73-4FD4-9273-DA58-FF5B189423F2}"
EndProject
Project("{FAE04EC0-301F-11D3-BF4B-00C04F79EFBC}") = "Assembly-CSharp-firstpass", "Assembly-CSharp-firstpass.csproj", "{065F5A54-9F5F-4671-4E29-072896A05E05}"
EndProject
Project("{FAE04EC0-301F-11D3-BF4B-00C04F79EFBC}") = "Assembly-CSharp-Editor", "Assembly-CSharp-Editor.csproj", "{28D66FA0-F1A2-F289-EA8F-EFBE2BBE8A6B}"
EndProject
Project("{FAE04EC0-301F-11D3-BF4B-00C04F79EFBC}") = "Assembly-CSharp-Editor-firstpass", "Assembly-CSharp-Editor-firstpass.csproj", "{D921268C-F566-987B-4F24-1F42C78CFC41}"
EndProject
Global
	GlobalSection(SolutionConfigurationPlatforms) = preSolution
		Debug|Any CPU = Debug|Any CPU
		Release|Any CPU = Release|Any CPU
	EndGlobalSection
	GlobalSection(ProjectConfigurationPlatforms) = postSolution
		{F437EC73-4FD4-9273-DA58-FF5B189423F2}.Debug|Any CPU.ActiveCfg = Debug|Any CPU
		{F437EC73-4FD4-9273-DA58-FF5B189423F2}.Debug|Any CPU.Build.0 = Debug|Any CPU
		{F437EC73-4FD4-9273-DA58-FF5B189423F2}.Release|Any CPU.ActiveCfg = Release|Any CPU
		{F437EC73-4FD4-9273-DA58-FF5B189423F2}.Release|Any CPU.Build.0 = Release|Any CPU
		{065F5A54-9F5F-4671-4E29-072896A05E05}.Debug|Any CPU.ActiveCfg = Debug|Any CPU
		{065F5A54-9F5F-4671-4E29-072896A05E05}.Debug|Any CPU.Build.0 = Debug|Any CPU
		{065F5A54-9F5F-4671-4E29-072896A05E05}.Release|Any CPU.ActiveCfg = Release|Any CPU
		{065F5A54-9F5F-4671-4E29-072896A05E05}.Release|Any CPU.Build.0 = Release|Any CPU
		{28D66FA0-F1A2-F289-EA8F-EFBE2BBE8A6B}.Debug|Any CPU.ActiveCfg = Debug|Any CPU
		{28D66FA0-F1A2-F289-EA8F-EFBE2BBE8A6B}.Debug|Any CPU.Build.0 = Debug|Any CPU
		{28D66FA0-F1A2-F289-EA8F-EFBE2BBE8A6B}.Release|Any CPU.ActiveCfg = Release|Any CPU
		{28D66FA0-F1A2-F289-EA8F-EFBE2BBE8A6B}.Release|Any CPU.Build.0 = Release|Any CPU
		{D921268C-F566-987B-4F24-1F42C78CFC41}.Debug|Any CPU.ActiveCfg = Debug|Any CPU
		{D921268C-F566-987B-4F24-1F42C78CFC41}.Debug|Any CPU.Build.0 = Debug|Any CPU
		{D921268C-F566-987B-4F24-1F42C78CFC41}.Release|Any CPU.ActiveCfg = Release|Any CPU
		{D921268C-F566-987B-4F24-1F42C78CFC41}.Release|Any CPU.Build.0 = Release|Any CPU
	EndGlobalSection
	GlobalSection(SolutionProperties) = preSolution
		HideSolutionNode = FALSE
	EndGlobalSection
EndGlobal
